
Microsoft Visual Studio Solution File, Format Version 12.00
# Visual Studio 15
VisualStudioVersion = 15.0.28307.572
MinimumVisualStudioVersion = 10.0.40219.1
Project("{9A19103F-16F7-4668-BE54-9A1E7A4F7556}") = "AssessmentTests", "AssessmentTests\AssessmentTests.csproj", "{983B7871-1FFF-47AC-B55B-88C90C1506FC}"
EndProject
Project("{9A19103F-16F7-4668-BE54-9A1E7A4F7556}") = "Assessment", "Assessment\Assessment.csproj", "{3C749ACA-CE9B-46D2-A709-CEAF7798ADA0}"
EndProject
Global
	GlobalSection(SolutionConfigurationPlatforms) = preSolution
		Debug|Any CPU = Debug|Any CPU
		Release|Any CPU = Release|Any CPU
	EndGlobalSection
	GlobalSection(ProjectConfigurationPlatforms) = postSolution
		{983B7871-1FFF-47AC-B55B-88C90C1506FC}.Debug|Any CPU.ActiveCfg = Debug|Any CPU
		{983B7871-1FFF-47AC-B55B-88C90C1506FC}.Debug|Any CPU.Build.0 = Debug|Any CPU
		{983B7871-1FFF-47AC-B55B-88C90C1506FC}.Release|Any CPU.ActiveCfg = Release|Any CPU
		{983B7871-1FFF-47AC-B55B-88C90C1506FC}.Release|Any CPU.Build.0 = Release|Any CPU
		{3C749ACA-CE9B-46D2-A709-CEAF7798ADA0}.Debug|Any CPU.ActiveCfg = Debug|Any CPU
		{3C749ACA-CE9B-46D2-A709-CEAF7798ADA0}.Debug|Any CPU.Build.0 = Debug|Any CPU
		{3C749ACA-CE9B-46D2-A709-CEAF7798ADA0}.Release|Any CPU.ActiveCfg = Release|Any CPU
		{3C749ACA-CE9B-46D2-A709-CEAF7798ADA0}.Release|Any CPU.Build.0 = Release|Any CPU
	EndGlobalSection
	GlobalSection(SolutionProperties) = preSolution
		HideSolutionNode = FALSE
	EndGlobalSection
	GlobalSection(ExtensibilityGlobals) = postSolution
		SolutionGuid = {40EAF331-F90C-424B-94EC-768B60A6F36C}
	EndGlobalSection
EndGlobal
